// !$*UTF8*$!
{
	archiveVersion = 1;
	classes = {
	};
	objectVersion = 45;
	objects = {

/* Begin PBXBuildFile section */
		1D60589F0D05DD5A006BFB54 /* Foundation.framework in Frameworks */ = {isa = PBXBuildFile; fileRef = 1D30AB110D05D00D00671497 /* Foundation.framework */; };
		1DF5F4E00D08C38300B7A737 /* UIKit.framework in Frameworks */ = {isa = PBXBuildFile; fileRef = 1DF5F4DF0D08C38300B7A737 /* UIKit.framework */; };
		2892E4100DC94CBA00A64D0F /* CoreGraphics.framework in Frameworks */ = {isa = PBXBuildFile; fileRef = 2892E40F0DC94CBA00A64D0F /* CoreGraphics.framework */; };
		910B9CB60EB8CAC9009E4C0E /* CWInflector.mm in Sources */ = {isa = PBXBuildFile; fileRef = 910B9BE10EB8CAC8009E4C0E /* CWInflector.mm */; };
		910B9CB70EB8CAC9009E4C0E /* inflections.plist in Resources */ = {isa = PBXBuildFile; fileRef = 910B9BE20EB8CAC8009E4C0E /* inflections.plist */; };
		910B9CB90EB8CAC9009E4C0E /* RegexKitLite.m in Sources */ = {isa = PBXBuildFile; fileRef = 910B9BE60EB8CAC8009E4C0E /* RegexKitLite.m */; };
		910B9CBA0EB8CAC9009E4C0E /* CXMLDocument.m in Sources */ = {isa = PBXBuildFile; fileRef = 910B9BE90EB8CAC8009E4C0E /* CXMLDocument.m */; };
		910B9CBB0EB8CAC9009E4C0E /* CXMLDocument_PrivateExtensions.m in Sources */ = {isa = PBXBuildFile; fileRef = 910B9BEB0EB8CAC8009E4C0E /* CXMLDocument_PrivateExtensions.m */; };
		910B9CBC0EB8CAC9009E4C0E /* CXMLElement.m in Sources */ = {isa = PBXBuildFile; fileRef = 910B9BED0EB8CAC8009E4C0E /* CXMLElement.m */; };
		910B9CBD0EB8CAC9009E4C0E /* CXMLNode.m in Sources */ = {isa = PBXBuildFile; fileRef = 910B9BEF0EB8CAC8009E4C0E /* CXMLNode.m */; };
		910B9CBE0EB8CAC9009E4C0E /* CXMLNode_PrivateExtensions.m in Sources */ = {isa = PBXBuildFile; fileRef = 910B9BF10EB8CAC8009E4C0E /* CXMLNode_PrivateExtensions.m */; };
		910B9CBF0EB8CAC9009E4C0E /* CXMLNode_XPathExtensions.m in Sources */ = {isa = PBXBuildFile; fileRef = 910B9BF30EB8CAC8009E4C0E /* CXMLNode_XPathExtensions.m */; };
		910B9CC40EB8CAC9009E4C0E /* Base.mm in Sources */ = {isa = PBXBuildFile; fileRef = 910B9BFF0EB8CAC8009E4C0E /* Base.mm */; };
		910B9CC50EB8CAC9009E4C0E /* Connection.mm in Sources */ = {isa = PBXBuildFile; fileRef = 910B9C010EB8CAC8009E4C0E /* Connection.mm */; };
		910B9CC60EB8CAC9009E4C0E /* XML.mm in Sources */ = {isa = PBXBuildFile; fileRef = 910B9C040EB8CAC8009E4C0E /* XML.mm */; };
		910B9D090EB8CE04009E4C0E /* main.m in Sources */ = {isa = PBXBuildFile; fileRef = 910B9D010EB8CE04009E4C0E /* main.m */; };
		910B9D0A0EB8CE04009E4C0E /* ParfaitAppDelegate.mm in Sources */ = {isa = PBXBuildFile; fileRef = 910B9D040EB8CE04009E4C0E /* ParfaitAppDelegate.mm */; };
		910B9D0B0EB8CE04009E4C0E /* ResourceViewController.mm in Sources */ = {isa = PBXBuildFile; fileRef = 910B9D060EB8CE04009E4C0E /* ResourceViewController.mm */; };
		910B9D0C0EB8CE04009E4C0E /* RootViewController.mm in Sources */ = {isa = PBXBuildFile; fileRef = 910B9D080EB8CE04009E4C0E /* RootViewController.mm */; };
		910B9D120EB8CE0D009E4C0E /* MainWindow.xib in Resources */ = {isa = PBXBuildFile; fileRef = 910B9D0F0EB8CE0D009E4C0E /* MainWindow.xib */; };
		910B9D130EB8CE0D009E4C0E /* RootViewController.xib in Resources */ = {isa = PBXBuildFile; fileRef = 910B9D100EB8CE0D009E4C0E /* RootViewController.xib */; };
		910B9E9A0EB9BA7F009E4C0E /* ConnectionErrors.mm in Sources */ = {isa = PBXBuildFile; fileRef = 910B9E990EB9BA7F009E4C0E /* ConnectionErrors.mm */; };
/* End PBXBuildFile section */

/* Begin PBXCopyFilesBuildPhase section */
		915A43050EB6322600C3D357 /* CopyFiles */ = {
			isa = PBXCopyFilesBuildPhase;
			buildActionMask = 2147483647;
			dstPath = "";
			dstSubfolderSpec = 10;
			files = (
			);
			runOnlyForDeploymentPostprocessing = 0;
		};
/* End PBXCopyFilesBuildPhase section */

/* Begin PBXFileReference section */
		1D30AB110D05D00D00671497 /* Foundation.framework */ = {isa = PBXFileReference; lastKnownFileType = wrapper.framework; name = Foundation.framework; path = System/Library/Frameworks/Foundation.framework; sourceTree = SDKROOT; };
		1D6058910D05DD3D006BFB54 /* Parfait.app */ = {isa = PBXFileReference; explicitFileType = wrapper.application; includeInIndex = 0; path = Parfait.app; sourceTree = BUILT_PRODUCTS_DIR; };
		1DF5F4DF0D08C38300B7A737 /* UIKit.framework */ = {isa = PBXFileReference; lastKnownFileType = wrapper.framework; name = UIKit.framework; path = System/Library/Frameworks/UIKit.framework; sourceTree = SDKROOT; };
		2892E40F0DC94CBA00A64D0F /* CoreGraphics.framework */ = {isa = PBXFileReference; lastKnownFileType = wrapper.framework; name = CoreGraphics.framework; path = System/Library/Frameworks/CoreGraphics.framework; sourceTree = SDKROOT; };
		910B9BE00EB8CAC8009E4C0E /* CWInflector.h */ = {isa = PBXFileReference; fileEncoding = 4; lastKnownFileType = sourcecode.c.h; path = CWInflector.h; sourceTree = "<group>"; };
		910B9BE10EB8CAC8009E4C0E /* CWInflector.mm */ = {isa = PBXFileReference; fileEncoding = 4; lastKnownFileType = sourcecode.cpp.objcpp; path = CWInflector.mm; sourceTree = "<group>"; };
		910B9BE20EB8CAC8009E4C0E /* inflections.plist */ = {isa = PBXFileReference; fileEncoding = 4; lastKnownFileType = text.plist; path = inflections.plist; sourceTree = "<group>"; };
		910B9BE50EB8CAC8009E4C0E /* RegexKitLite.h */ = {isa = PBXFileReference; fileEncoding = 4; lastKnownFileType = sourcecode.c.h; path = RegexKitLite.h; sourceTree = "<group>"; };
		910B9BE60EB8CAC8009E4C0E /* RegexKitLite.m */ = {isa = PBXFileReference; fileEncoding = 4; lastKnownFileType = sourcecode.c.objc; path = RegexKitLite.m; sourceTree = "<group>"; };
		910B9BE80EB8CAC8009E4C0E /* CXMLDocument.h */ = {isa = PBXFileReference; fileEncoding = 4; lastKnownFileType = sourcecode.c.h; path = CXMLDocument.h; sourceTree = "<group>"; };
		910B9BE90EB8CAC8009E4C0E /* CXMLDocument.m */ = {isa = PBXFileReference; fileEncoding = 4; lastKnownFileType = sourcecode.c.objc; path = CXMLDocument.m; sourceTree = "<group>"; };
		910B9BEA0EB8CAC8009E4C0E /* CXMLDocument_PrivateExtensions.h */ = {isa = PBXFileReference; fileEncoding = 4; lastKnownFileType = sourcecode.c.h; path = CXMLDocument_PrivateExtensions.h; sourceTree = "<group>"; };
		910B9BEB0EB8CAC8009E4C0E /* CXMLDocument_PrivateExtensions.m */ = {isa = PBXFileReference; fileEncoding = 4; lastKnownFileType = sourcecode.c.objc; path = CXMLDocument_PrivateExtensions.m; sourceTree = "<group>"; };
		910B9BEC0EB8CAC8009E4C0E /* CXMLElement.h */ = {isa = PBXFileReference; fileEncoding = 4; lastKnownFileType = sourcecode.c.h; path = CXMLElement.h; sourceTree = "<group>"; };
		910B9BED0EB8CAC8009E4C0E /* CXMLElement.m */ = {isa = PBXFileReference; fileEncoding = 4; lastKnownFileType = sourcecode.c.objc; path = CXMLElement.m; sourceTree = "<group>"; };
		910B9BEE0EB8CAC8009E4C0E /* CXMLNode.h */ = {isa = PBXFileReference; fileEncoding = 4; lastKnownFileType = sourcecode.c.h; path = CXMLNode.h; sourceTree = "<group>"; };
		910B9BEF0EB8CAC8009E4C0E /* CXMLNode.m */ = {isa = PBXFileReference; fileEncoding = 4; lastKnownFileType = sourcecode.c.objc; path = CXMLNode.m; sourceTree = "<group>"; };
		910B9BF00EB8CAC8009E4C0E /* CXMLNode_PrivateExtensions.h */ = {isa = PBXFileReference; fileEncoding = 4; lastKnownFileType = sourcecode.c.h; path = CXMLNode_PrivateExtensions.h; sourceTree = "<group>"; };
		910B9BF10EB8CAC8009E4C0E /* CXMLNode_PrivateExtensions.m */ = {isa = PBXFileReference; fileEncoding = 4; lastKnownFileType = sourcecode.c.objc; path = CXMLNode_PrivateExtensions.m; sourceTree = "<group>"; };
		910B9BF20EB8CAC8009E4C0E /* CXMLNode_XPathExtensions.h */ = {isa = PBXFileReference; fileEncoding = 4; lastKnownFileType = sourcecode.c.h; path = CXMLNode_XPathExtensions.h; sourceTree = "<group>"; };
		910B9BF30EB8CAC8009E4C0E /* CXMLNode_XPathExtensions.m */ = {isa = PBXFileReference; fileEncoding = 4; lastKnownFileType = sourcecode.c.objc; path = CXMLNode_XPathExtensions.m; sourceTree = "<group>"; };
		910B9BF50EB8CAC8009E4C0E /* TouchXML.h */ = {isa = PBXFileReference; fileEncoding = 4; lastKnownFileType = sourcecode.c.h; path = TouchXML.h; sourceTree = "<group>"; };
		910B9BFB0EB8CAC8009E4C0E /* Info.plist */ = {isa = PBXFileReference; fileEncoding = 4; lastKnownFileType = text.plist.xml; path = Info.plist; sourceTree = "<group>"; };
		910B9BFE0EB8CAC8009E4C0E /* Base.h */ = {isa = PBXFileReference; fileEncoding = 4; lastKnownFileType = sourcecode.c.h; path = Base.h; sourceTree = "<group>"; };
		910B9BFF0EB8CAC8009E4C0E /* Base.mm */ = {isa = PBXFileReference; fileEncoding = 4; lastKnownFileType = sourcecode.cpp.objcpp; path = Base.mm; sourceTree = "<group>"; };
		910B9C000EB8CAC8009E4C0E /* Connection.h */ = {isa = PBXFileReference; fileEncoding = 4; lastKnownFileType = sourcecode.c.h; path = Connection.h; sourceTree = "<group>"; };
		910B9C010EB8CAC8009E4C0E /* Connection.mm */ = {isa = PBXFileReference; fileEncoding = 4; lastKnownFileType = sourcecode.cpp.objcpp; path = Connection.mm; sourceTree = "<group>"; };
		910B9C030EB8CAC8009E4C0E /* XML.h */ = {isa = PBXFileReference; fileEncoding = 4; lastKnownFileType = sourcecode.c.h; path = XML.h; sourceTree = "<group>"; };
		910B9C040EB8CAC8009E4C0E /* XML.mm */ = {isa = PBXFileReference; fileEncoding = 4; lastKnownFileType = sourcecode.cpp.objcpp; path = XML.mm; sourceTree = "<group>"; };
		910B9C050EB8CAC8009E4C0E /* Formats.h */ = {isa = PBXFileReference; fileEncoding = 4; lastKnownFileType = sourcecode.c.h; path = Formats.h; sourceTree = "<group>"; };
		910B9C060EB8CAC8009E4C0E /* GlobalHeader.h */ = {isa = PBXFileReference; fileEncoding = 4; lastKnownFileType = sourcecode.c.h; path = GlobalHeader.h; sourceTree = "<group>"; };
		910B9C070EB8CAC8009E4C0E /* ObjectiveResource.h */ = {isa = PBXFileReference; fileEncoding = 4; lastKnownFileType = sourcecode.c.h; path = ObjectiveResource.h; sourceTree = "<group>"; };
		910B9C080EB8CAC8009E4C0E /* ObjectiveResource_Prefix.pch */ = {isa = PBXFileReference; fileEncoding = 4; lastKnownFileType = sourcecode.c.h; path = ObjectiveResource_Prefix.pch; sourceTree = "<group>"; };
		910B9D010EB8CE04009E4C0E /* main.m */ = {isa = PBXFileReference; fileEncoding = 4; lastKnownFileType = sourcecode.c.objc; path = main.m; sourceTree = "<group>"; };
		910B9D020EB8CE04009E4C0E /* Parfait_Prefix.pch */ = {isa = PBXFileReference; fileEncoding = 4; lastKnownFileType = sourcecode.c.h; path = Parfait_Prefix.pch; sourceTree = "<group>"; };
		910B9D030EB8CE04009E4C0E /* ParfaitAppDelegate.h */ = {isa = PBXFileReference; fileEncoding = 4; lastKnownFileType = sourcecode.c.h; path = ParfaitAppDelegate.h; sourceTree = "<group>"; };
		910B9D040EB8CE04009E4C0E /* ParfaitAppDelegate.mm */ = {isa = PBXFileReference; fileEncoding = 4; lastKnownFileType = sourcecode.cpp.objcpp; path = ParfaitAppDelegate.mm; sourceTree = "<group>"; };
		910B9D050EB8CE04009E4C0E /* ResourceViewController.h */ = {isa = PBXFileReference; fileEncoding = 4; lastKnownFileType = sourcecode.c.h; path = ResourceViewController.h; sourceTree = "<group>"; };
		910B9D060EB8CE04009E4C0E /* ResourceViewController.mm */ = {isa = PBXFileReference; fileEncoding = 4; lastKnownFileType = sourcecode.cpp.objcpp; path = ResourceViewController.mm; sourceTree = "<group>"; };
		910B9D070EB8CE04009E4C0E /* RootViewController.h */ = {isa = PBXFileReference; fileEncoding = 4; lastKnownFileType = sourcecode.c.h; path = RootViewController.h; sourceTree = "<group>"; };
		910B9D080EB8CE04009E4C0E /* RootViewController.mm */ = {isa = PBXFileReference; fileEncoding = 4; lastKnownFileType = sourcecode.cpp.objcpp; path = RootViewController.mm; sourceTree = "<group>"; };
		910B9D0E0EB8CE0D009E4C0E /* Info.plist */ = {isa = PBXFileReference; fileEncoding = 4; lastKnownFileType = text.plist.xml; path = Info.plist; sourceTree = "<group>"; };
		910B9D0F0EB8CE0D009E4C0E /* MainWindow.xib */ = {isa = PBXFileReference; lastKnownFileType = file.xib; path = MainWindow.xib; sourceTree = "<group>"; };
		910B9D100EB8CE0D009E4C0E /* RootViewController.xib */ = {isa = PBXFileReference; lastKnownFileType = file.xib; path = RootViewController.xib; sourceTree = "<group>"; };
		910B9E980EB9BA7F009E4C0E /* ConnectionErrors.h */ = {isa = PBXFileReference; fileEncoding = 4; lastKnownFileType = sourcecode.c.h; path = ConnectionErrors.h; sourceTree = "<group>"; };
		910B9E990EB9BA7F009E4C0E /* ConnectionErrors.mm */ = {isa = PBXFileReference; fileEncoding = 4; lastKnownFileType = sourcecode.cpp.objcpp; path = ConnectionErrors.mm; sourceTree = "<group>"; };
/* End PBXFileReference section */

/* Begin PBXFrameworksBuildPhase section */
		1D60588F0D05DD3D006BFB54 /* Frameworks */ = {
			isa = PBXFrameworksBuildPhase;
			buildActionMask = 2147483647;
			files = (
				1D60589F0D05DD5A006BFB54 /* Foundation.framework in Frameworks */,
				1DF5F4E00D08C38300B7A737 /* UIKit.framework in Frameworks */,
				2892E4100DC94CBA00A64D0F /* CoreGraphics.framework in Frameworks */,
			);
			runOnlyForDeploymentPostprocessing = 0;
		};
/* End PBXFrameworksBuildPhase section */

/* Begin PBXGroup section */
		19C28FACFE9D520D11CA2CBB /* Products */ = {
			isa = PBXGroup;
			children = (
				1D6058910D05DD3D006BFB54 /* Parfait.app */,
			);
			name = Products;
			sourceTree = "<group>";
		};
		29B97314FDCFA39411CA2CEA /* CustomTemplate */ = {
			isa = PBXGroup;
			children = (
				910B9AC00EB8CAC8009E4C0E /* ObjectiveResource */,
				910B9D000EB8CE04009E4C0E /* src */,
				910B9D0D0EB8CE0D009E4C0E /* resources */,
				29B97323FDCFA39411CA2CEA /* Frameworks */,
				19C28FACFE9D520D11CA2CBB /* Products */,
			);
			name = CustomTemplate;
			sourceTree = "<group>";
		};
		29B97323FDCFA39411CA2CEA /* Frameworks */ = {
			isa = PBXGroup;
			children = (
				1DF5F4DF0D08C38300B7A737 /* UIKit.framework */,
				1D30AB110D05D00D00671497 /* Foundation.framework */,
				2892E40F0DC94CBA00A64D0F /* CoreGraphics.framework */,
			);
			name = Frameworks;
			sourceTree = "<group>";
		};
		910B9AC00EB8CAC8009E4C0E /* ObjectiveResource */ = {
			isa = PBXGroup;
			children = (
				910B9BA30EB8CAC8009E4C0E /* ext */,
				910B9BFA0EB8CAC8009E4C0E /* resources */,
				910B9BFD0EB8CAC8009E4C0E /* src */,
			);
			name = ObjectiveResource;
			path = ext/ObjectiveResource;
			sourceTree = SOURCE_ROOT;
		};
		910B9BA30EB8CAC8009E4C0E /* ext */ = {
			isa = PBXGroup;
			children = (
				910B9BA40EB8CAC8009E4C0E /* Inflector */,
				910B9BE70EB8CAC8009E4C0E /* TouchXML */,
			);
			path = ext;
			sourceTree = "<group>";
		};
		910B9BA40EB8CAC8009E4C0E /* Inflector */ = {
			isa = PBXGroup;
			children = (
				910B9BE00EB8CAC8009E4C0E /* CWInflector.h */,
				910B9BE10EB8CAC8009E4C0E /* CWInflector.mm */,
				910B9BE20EB8CAC8009E4C0E /* inflections.plist */,
				910B9BE40EB8CAC8009E4C0E /* RegexKitLite */,
			);
			path = Inflector;
			sourceTree = "<group>";
		};
		910B9BE40EB8CAC8009E4C0E /* RegexKitLite */ = {
			isa = PBXGroup;
			children = (
				910B9BE50EB8CAC8009E4C0E /* RegexKitLite.h */,
				910B9BE60EB8CAC8009E4C0E /* RegexKitLite.m */,
			);
			path = RegexKitLite;
			sourceTree = "<group>";
		};
		910B9BE70EB8CAC8009E4C0E /* TouchXML */ = {
			isa = PBXGroup;
			children = (
				910B9BE80EB8CAC8009E4C0E /* CXMLDocument.h */,
				910B9BE90EB8CAC8009E4C0E /* CXMLDocument.m */,
				910B9BEA0EB8CAC8009E4C0E /* CXMLDocument_PrivateExtensions.h */,
				910B9BEB0EB8CAC8009E4C0E /* CXMLDocument_PrivateExtensions.m */,
				910B9BEC0EB8CAC8009E4C0E /* CXMLElement.h */,
				910B9BED0EB8CAC8009E4C0E /* CXMLElement.m */,
				910B9BEE0EB8CAC8009E4C0E /* CXMLNode.h */,
				910B9BEF0EB8CAC8009E4C0E /* CXMLNode.m */,
				910B9BF00EB8CAC8009E4C0E /* CXMLNode_PrivateExtensions.h */,
				910B9BF10EB8CAC8009E4C0E /* CXMLNode_PrivateExtensions.m */,
				910B9BF20EB8CAC8009E4C0E /* CXMLNode_XPathExtensions.h */,
				910B9BF30EB8CAC8009E4C0E /* CXMLNode_XPathExtensions.m */,
				910B9BF50EB8CAC8009E4C0E /* TouchXML.h */,
			);
			path = TouchXML;
			sourceTree = "<group>";
		};
		910B9BFA0EB8CAC8009E4C0E /* resources */ = {
			isa = PBXGroup;
			children = (
				910B9BFB0EB8CAC8009E4C0E /* Info.plist */,
			);
			path = resources;
			sourceTree = "<group>";
		};
		910B9BFD0EB8CAC8009E4C0E /* src */ = {
			isa = PBXGroup;
			children = (
				910B9BFE0EB8CAC8009E4C0E /* Base.h */,
				910B9BFF0EB8CAC8009E4C0E /* Base.mm */,
				910B9C000EB8CAC8009E4C0E /* Connection.h */,
				910B9C010EB8CAC8009E4C0E /* Connection.mm */,
				910B9E980EB9BA7F009E4C0E /* ConnectionErrors.h */,
				910B9E990EB9BA7F009E4C0E /* ConnectionErrors.mm */,
				910B9C020EB8CAC8009E4C0E /* formats */,
				910B9C050EB8CAC8009E4C0E /* Formats.h */,
				910B9C060EB8CAC8009E4C0E /* GlobalHeader.h */,
				910B9C070EB8CAC8009E4C0E /* ObjectiveResource.h */,
				910B9C080EB8CAC8009E4C0E /* ObjectiveResource_Prefix.pch */,
			);
			path = src;
			sourceTree = "<group>";
		};
		910B9C020EB8CAC8009E4C0E /* formats */ = {
			isa = PBXGroup;
			children = (
				910B9C030EB8CAC8009E4C0E /* XML.h */,
				910B9C040EB8CAC8009E4C0E /* XML.mm */,
			);
			path = formats;
			sourceTree = "<group>";
		};
		910B9D000EB8CE04009E4C0E /* src */ = {
			isa = PBXGroup;
			children = (
				910B9D010EB8CE04009E4C0E /* main.m */,
				910B9D020EB8CE04009E4C0E /* Parfait_Prefix.pch */,
				910B9D030EB8CE04009E4C0E /* ParfaitAppDelegate.h */,
				910B9D040EB8CE04009E4C0E /* ParfaitAppDelegate.mm */,
				910B9D050EB8CE04009E4C0E /* ResourceViewController.h */,
				910B9D060EB8CE04009E4C0E /* ResourceViewController.mm */,
				910B9D070EB8CE04009E4C0E /* RootViewController.h */,
				910B9D080EB8CE04009E4C0E /* RootViewController.mm */,
			);
			path = src;
			sourceTree = "<group>";
		};
		910B9D0D0EB8CE0D009E4C0E /* resources */ = {
			isa = PBXGroup;
			children = (
				910B9D0E0EB8CE0D009E4C0E /* Info.plist */,
				910B9D0F0EB8CE0D009E4C0E /* MainWindow.xib */,
				910B9D100EB8CE0D009E4C0E /* RootViewController.xib */,
			);
			path = resources;
			sourceTree = "<group>";
		};
/* End PBXGroup section */

/* Begin PBXNativeTarget section */
		1D6058900D05DD3D006BFB54 /* Parfait */ = {
			isa = PBXNativeTarget;
			buildConfigurationList = 1D6058960D05DD3E006BFB54 /* Build configuration list for PBXNativeTarget "Parfait" */;
			buildPhases = (
				1D60588D0D05DD3D006BFB54 /* Resources */,
				1D60588E0D05DD3D006BFB54 /* Sources */,
				915A43050EB6322600C3D357 /* CopyFiles */,
				1D60588F0D05DD3D006BFB54 /* Frameworks */,
			);
			buildRules = (
			);
			dependencies = (
			);
			name = Parfait;
			productName = Parfait;
			productReference = 1D6058910D05DD3D006BFB54 /* Parfait.app */;
			productType = "com.apple.product-type.application";
		};
/* End PBXNativeTarget section */

/* Begin PBXProject section */
		29B97313FDCFA39411CA2CEA /* Project object */ = {
			isa = PBXProject;
			buildConfigurationList = C01FCF4E08A954540054247B /* Build configuration list for PBXProject "Parfait" */;
			compatibilityVersion = "Xcode 3.1";
			hasScannedForEncodings = 1;
			knownRegions = (
				English,
				Japanese,
				French,
				German,
				en,
			);
			mainGroup = 29B97314FDCFA39411CA2CEA /* CustomTemplate */;
			projectDirPath = "";
			projectRoot = "";
			targets = (
				1D6058900D05DD3D006BFB54 /* Parfait */,
			);
		};
/* End PBXProject section */

/* Begin PBXResourcesBuildPhase section */
		1D60588D0D05DD3D006BFB54 /* Resources */ = {
			isa = PBXResourcesBuildPhase;
			buildActionMask = 2147483647;
			files = (
				910B9CB70EB8CAC9009E4C0E /* inflections.plist in Resources */,
				910B9D120EB8CE0D009E4C0E /* MainWindow.xib in Resources */,
				910B9D130EB8CE0D009E4C0E /* RootViewController.xib in Resources */,
			);
			runOnlyForDeploymentPostprocessing = 0;
		};
/* End PBXResourcesBuildPhase section */

/* Begin PBXSourcesBuildPhase section */
		1D60588E0D05DD3D006BFB54 /* Sources */ = {
			isa = PBXSourcesBuildPhase;
			buildActionMask = 2147483647;
			files = (
				910B9CB60EB8CAC9009E4C0E /* CWInflector.mm in Sources */,
				910B9CB90EB8CAC9009E4C0E /* RegexKitLite.m in Sources */,
				910B9CBA0EB8CAC9009E4C0E /* CXMLDocument.m in Sources */,
				910B9CBB0EB8CAC9009E4C0E /* CXMLDocument_PrivateExtensions.m in Sources */,
				910B9CBC0EB8CAC9009E4C0E /* CXMLElement.m in Sources */,
				910B9CBD0EB8CAC9009E4C0E /* CXMLNode.m in Sources */,
				910B9CBE0EB8CAC9009E4C0E /* CXMLNode_PrivateExtensions.m in Sources */,
				910B9CBF0EB8CAC9009E4C0E /* CXMLNode_XPathExtensions.m in Sources */,
				910B9CC40EB8CAC9009E4C0E /* Base.mm in Sources */,
				910B9CC50EB8CAC9009E4C0E /* Connection.mm in Sources */,
				910B9CC60EB8CAC9009E4C0E /* XML.mm in Sources */,
				910B9D090EB8CE04009E4C0E /* main.m in Sources */,
				910B9D0A0EB8CE04009E4C0E /* ParfaitAppDelegate.mm in Sources */,
				910B9D0B0EB8CE04009E4C0E /* ResourceViewController.mm in Sources */,
				910B9D0C0EB8CE04009E4C0E /* RootViewController.mm in Sources */,
				910B9E9A0EB9BA7F009E4C0E /* ConnectionErrors.mm in Sources */,
			);
			runOnlyForDeploymentPostprocessing = 0;
		};
/* End PBXSourcesBuildPhase section */

/* Begin XCBuildConfiguration section */
		1D6058940D05DD3E006BFB54 /* Debug */ = {
			isa = XCBuildConfiguration;
			buildSettings = {
				ALWAYS_SEARCH_USER_PATHS = NO;
				COPY_PHASE_STRIP = NO;
				FRAMEWORK_SEARCH_PATHS = (
					"$(inherited)",
					"\"$(SRCROOT)/../ObjectiveResource/build/Debug\"",
				);
				GCC_DYNAMIC_NO_PIC = NO;
				GCC_OPTIMIZATION_LEVEL = 0;
				GCC_PRECOMPILE_PREFIX_HEADER = YES;
				GCC_PREFIX_HEADER = src/Parfait_Prefix.pch;
				HEADER_SEARCH_PATHS = /usr/include/libxml2;
				INFOPLIST_FILE = resources/Info.plist;
				OTHER_LDFLAGS = (
					"-licucore",
					"-lxml2",
				);
				PRODUCT_NAME = Parfait;
			};
			name = Debug;
		};
		1D6058950D05DD3E006BFB54 /* Release */ = {
			isa = XCBuildConfiguration;
			buildSettings = {
				ALWAYS_SEARCH_USER_PATHS = NO;
				COPY_PHASE_STRIP = YES;
				FRAMEWORK_SEARCH_PATHS = (
					"$(inherited)",
					"\"$(SRCROOT)/../ObjectiveResource/build/Debug\"",
				);
				GCC_PRECOMPILE_PREFIX_HEADER = YES;
				GCC_PREFIX_HEADER = src/Parfait_Prefix.pch;
				HEADER_SEARCH_PATHS = /usr/include/libxml2;
				INFOPLIST_FILE = resources/Info.plist;
				OTHER_LDFLAGS = (
					"-licucore",
					"-lxml2",
				);
				PRODUCT_NAME = Parfait;
			};
			name = Release;
		};
		C01FCF4F08A954540054247B /* Debug */ = {
			isa = XCBuildConfiguration;
			buildSettings = {
				ARCHS = "$(ARCHS_STANDARD_32_BIT)";
				"CODE_SIGN_IDENTITY[sdk=iphoneos*]" = "iPhone Developer";
				GCC_C_LANGUAGE_STANDARD = c99;
				GCC_WARN_ABOUT_RETURN_TYPE = YES;
				GCC_WARN_UNUSED_VARIABLE = YES;
				ONLY_ACTIVE_ARCH = YES;
				PREBINDING = NO;
				SDKROOT = iphoneos2.1;
			};
			name = Debug;
		};
		C01FCF5008A954540054247B /* Release */ = {
			isa = XCBuildConfiguration;
			buildSettings = {
				ARCHS = "$(ARCHS_STANDARD_32_BIT)";
				"CODE_SIGN_IDENTITY[sdk=iphoneos*]" = "iPhone Developer";
				GCC_C_LANGUAGE_STANDARD = c99;
				GCC_WARN_ABOUT_RETURN_TYPE = YES;
				GCC_WARN_UNUSED_VARIABLE = YES;
				PREBINDING = NO;
				SDKROOT = iphoneos2.1;
			};
			name = Release;
		};
/* End XCBuildConfiguration section */

/* Begin XCConfigurationList section */
		1D6058960D05DD3E006BFB54 /* Build configuration list for PBXNativeTarget "Parfait" */ = {
			isa = XCConfigurationList;
			buildConfigurations = (
				1D6058940D05DD3E006BFB54 /* Debug */,
				1D6058950D05DD3E006BFB54 /* Release */,
			);
			defaultConfigurationIsVisible = 0;
			defaultConfigurationName = Release;
		};
		C01FCF4E08A954540054247B /* Build configuration list for PBXProject "Parfait" */ = {
			isa = XCConfigurationList;
			buildConfigurations = (
				C01FCF4F08A954540054247B /* Debug */,
				C01FCF5008A954540054247B /* Release */,
			);
			defaultConfigurationIsVisible = 0;
			defaultConfigurationName = Release;
		};
/* End XCConfigurationList section */
	};
	rootObject = 29B97313FDCFA39411CA2CEA /* Project object */;
}
